
Microsoft Visual Studio Solution File, Format Version 12.00
# Visual Studio Version 16
VisualStudioVersion = 16.0.29728.190
MinimumVisualStudioVersion = 10.0.40219.1
Project("{9A19103F-16F7-4668-BE54-9A1E7A4F7556}") = "Program101", "lab0\Program101.csproj", "{5B38EECA-4803-45E3-8CD6-B6703E8389BB}"
EndProject
Project("{FAE04EC0-301F-11D3-BF4B-00C04F79EFBC}") = "Project102", "Project12\Project102.csproj", "{EEB7671E-61B7-45EF-A7EF-A2982FF6A2AC}"
EndProject
Project("{9A19103F-16F7-4668-BE54-9A1E7A4F7556}") = "Program21", "Program21\Program21.csproj", "{6C449842-3177-4166-AE9C-534E61459C67}"
EndProject
Project("{FAE04EC0-301F-11D3-BF4B-00C04F79EFBC}") = "Project22", "Project22\Project22.csproj", "{5E343DBC-46A7-488A-9C9A-B0C6EBFD1DC6}"
EndProject
Project("{9A19103F-16F7-4668-BE54-9A1E7A4F7556}") = "Program3", "Program3\Program3.csproj", "{CF184F51-9A96-4670-85A7-FC443AA57A88}"
EndProject
Project("{9A19103F-16F7-4668-BE54-9A1E7A4F7556}") = "Program4", "Program4\Program4.csproj", "{C8FA4DCE-67DF-4406-9806-8118962B2A2F}"
EndProject
Project("{9A19103F-16F7-4668-BE54-9A1E7A4F7556}") = "Program51", "Program5\Program51.csproj", "{0780FDC8-147F-413C-AFBB-ABDD6AF5FC4F}"
EndProject
Project("{9A19103F-16F7-4668-BE54-9A1E7A4F7556}") = "Program52", "Program52\Program52.csproj", "{E32E3128-E0DF-4CCB-AF06-950C1D4DDF37}"
EndProject
Project("{9A19103F-16F7-4668-BE54-9A1E7A4F7556}") = "Program61", "Program61\Program61.csproj", "{49D9C7D6-132A-445A-B624-F19B2B809EEF}"
EndProject
Project("{9A19103F-16F7-4668-BE54-9A1E7A4F7556}") = "Program62", "Program62\Program62.csproj", "{6CA6DD88-637D-4A34-BB9C-EB9514EE6AE5}"
EndProject
Project("{9A19103F-16F7-4668-BE54-9A1E7A4F7556}") = "Program7", "Program7\Program7.csproj", "{10AAFAD5-35E1-48D3-B81E-AAFC2A8606AC}"
EndProject
Project("{9A19103F-16F7-4668-BE54-9A1E7A4F7556}") = "Program8", "Program8\Program8.csproj", "{2183BD67-33A7-41F5-B47D-AE9818C7A429}"
EndProject
Project("{9A19103F-16F7-4668-BE54-9A1E7A4F7556}") = "Program9", "Program9\Program9.csproj", "{65202B33-40A9-4076-9B6A-A08A18944BD8}"
EndProject
Project("{9A19103F-16F7-4668-BE54-9A1E7A4F7556}") = "Program10", "Program10\Program10.csproj", "{65FD2273-D34B-4D0E-A4E4-30FC48121A3A}"
EndProject
Project("{9A19103F-16F7-4668-BE54-9A1E7A4F7556}") = "Program11", "Program11\Program11.csproj", "{D7A04A16-3751-4E3A-8C82-ECB19EB9258F}"
EndProject
Project("{9A19103F-16F7-4668-BE54-9A1E7A4F7556}") = "Program12", "Program102\Program12.csproj", "{BA2E2F3B-9ED6-4BA6-A3EA-705CE5709443}"
EndProject
Project("{9A19103F-16F7-4668-BE54-9A1E7A4F7556}") = "Program13", "Program13\Program13.csproj", "{55E94C41-8C25-4D67-958E-40E02A9657FB}"
EndProject
Project("{9A19103F-16F7-4668-BE54-9A1E7A4F7556}") = "Program14", "Program14\Program14.csproj", "{12777825-BBEF-4E2B-AB20-48C3A379EBF5}"
EndProject
Project("{FAE04EC0-301F-11D3-BF4B-00C04F79EFBC}") = "classwork", "test\classwork.csproj", "{3FCA1ACA-C596-4991-8F2F-587ED965ACF6}"
EndProject
Global
	GlobalSection(SolutionConfigurationPlatforms) = preSolution
		Debug|Any CPU = Debug|Any CPU
		Release|Any CPU = Release|Any CPU
	EndGlobalSection
	GlobalSection(ProjectConfigurationPlatforms) = postSolution
		{5B38EECA-4803-45E3-8CD6-B6703E8389BB}.Debug|Any CPU.ActiveCfg = Debug|Any CPU
		{5B38EECA-4803-45E3-8CD6-B6703E8389BB}.Debug|Any CPU.Build.0 = Debug|Any CPU
		{5B38EECA-4803-45E3-8CD6-B6703E8389BB}.Release|Any CPU.ActiveCfg = Release|Any CPU
		{5B38EECA-4803-45E3-8CD6-B6703E8389BB}.Release|Any CPU.Build.0 = Release|Any CPU
		{EEB7671E-61B7-45EF-A7EF-A2982FF6A2AC}.Debug|Any CPU.ActiveCfg = Debug|Any CPU
		{EEB7671E-61B7-45EF-A7EF-A2982FF6A2AC}.Debug|Any CPU.Build.0 = Debug|Any CPU
		{EEB7671E-61B7-45EF-A7EF-A2982FF6A2AC}.Release|Any CPU.ActiveCfg = Release|Any CPU
		{EEB7671E-61B7-45EF-A7EF-A2982FF6A2AC}.Release|Any CPU.Build.0 = Release|Any CPU
		{6C449842-3177-4166-AE9C-534E61459C67}.Debug|Any CPU.ActiveCfg = Debug|Any CPU
		{6C449842-3177-4166-AE9C-534E61459C67}.Debug|Any CPU.Build.0 = Debug|Any CPU
		{6C449842-3177-4166-AE9C-534E61459C67}.Release|Any CPU.ActiveCfg = Release|Any CPU
		{6C449842-3177-4166-AE9C-534E61459C67}.Release|Any CPU.Build.0 = Release|Any CPU
		{5E343DBC-46A7-488A-9C9A-B0C6EBFD1DC6}.Debug|Any CPU.ActiveCfg = Debug|Any CPU
		{5E343DBC-46A7-488A-9C9A-B0C6EBFD1DC6}.Debug|Any CPU.Build.0 = Debug|Any CPU
		{5E343DBC-46A7-488A-9C9A-B0C6EBFD1DC6}.Release|Any CPU.ActiveCfg = Release|Any CPU
		{5E343DBC-46A7-488A-9C9A-B0C6EBFD1DC6}.Release|Any CPU.Build.0 = Release|Any CPU
		{CF184F51-9A96-4670-85A7-FC443AA57A88}.Debug|Any CPU.ActiveCfg = Debug|Any CPU
		{CF184F51-9A96-4670-85A7-FC443AA57A88}.Debug|Any CPU.Build.0 = Debug|Any CPU
		{CF184F51-9A96-4670-85A7-FC443AA57A88}.Release|Any CPU.ActiveCfg = Release|Any CPU
		{CF184F51-9A96-4670-85A7-FC443AA57A88}.Release|Any CPU.Build.0 = Release|Any CPU
		{C8FA4DCE-67DF-4406-9806-8118962B2A2F}.Debug|Any CPU.ActiveCfg = Debug|Any CPU
		{C8FA4DCE-67DF-4406-9806-8118962B2A2F}.Debug|Any CPU.Build.0 = Debug|Any CPU
		{C8FA4DCE-67DF-4406-9806-8118962B2A2F}.Release|Any CPU.ActiveCfg = Release|Any CPU
		{C8FA4DCE-67DF-4406-9806-8118962B2A2F}.Release|Any CPU.Build.0 = Release|Any CPU
		{0780FDC8-147F-413C-AFBB-ABDD6AF5FC4F}.Debug|Any CPU.ActiveCfg = Debug|Any CPU
		{0780FDC8-147F-413C-AFBB-ABDD6AF5FC4F}.Debug|Any CPU.Build.0 = Debug|Any CPU
		{0780FDC8-147F-413C-AFBB-ABDD6AF5FC4F}.Release|Any CPU.ActiveCfg = Release|Any CPU
		{0780FDC8-147F-413C-AFBB-ABDD6AF5FC4F}.Release|Any CPU.Build.0 = Release|Any CPU
		{E32E3128-E0DF-4CCB-AF06-950C1D4DDF37}.Debug|Any CPU.ActiveCfg = Debug|Any CPU
		{E32E3128-E0DF-4CCB-AF06-950C1D4DDF37}.Debug|Any CPU.Build.0 = Debug|Any CPU
		{E32E3128-E0DF-4CCB-AF06-950C1D4DDF37}.Release|Any CPU.ActiveCfg = Release|Any CPU
		{E32E3128-E0DF-4CCB-AF06-950C1D4DDF37}.Release|Any CPU.Build.0 = Release|Any CPU
		{49D9C7D6-132A-445A-B624-F19B2B809EEF}.Debug|Any CPU.ActiveCfg = Debug|Any CPU
		{49D9C7D6-132A-445A-B624-F19B2B809EEF}.Debug|Any CPU.Build.0 = Debug|Any CPU
		{49D9C7D6-132A-445A-B624-F19B2B809EEF}.Release|Any CPU.ActiveCfg = Release|Any CPU
		{49D9C7D6-132A-445A-B624-F19B2B809EEF}.Release|Any CPU.Build.0 = Release|Any CPU
		{6CA6DD88-637D-4A34-BB9C-EB9514EE6AE5}.Debug|Any CPU.ActiveCfg = Debug|Any CPU
		{6CA6DD88-637D-4A34-BB9C-EB9514EE6AE5}.Debug|Any CPU.Build.0 = Debug|Any CPU
		{6CA6DD88-637D-4A34-BB9C-EB9514EE6AE5}.Release|Any CPU.ActiveCfg = Release|Any CPU
		{6CA6DD88-637D-4A34-BB9C-EB9514EE6AE5}.Release|Any CPU.Build.0 = Release|Any CPU
		{10AAFAD5-35E1-48D3-B81E-AAFC2A8606AC}.Debug|Any CPU.ActiveCfg = Debug|Any CPU
		{10AAFAD5-35E1-48D3-B81E-AAFC2A8606AC}.Debug|Any CPU.Build.0 = Debug|Any CPU
		{10AAFAD5-35E1-48D3-B81E-AAFC2A8606AC}.Release|Any CPU.ActiveCfg = Release|Any CPU
		{10AAFAD5-35E1-48D3-B81E-AAFC2A8606AC}.Release|Any CPU.Build.0 = Release|Any CPU
		{2183BD67-33A7-41F5-B47D-AE9818C7A429}.Debug|Any CPU.ActiveCfg = Debug|Any CPU
		{2183BD67-33A7-41F5-B47D-AE9818C7A429}.Debug|Any CPU.Build.0 = Debug|Any CPU
		{2183BD67-33A7-41F5-B47D-AE9818C7A429}.Release|Any CPU.ActiveCfg = Release|Any CPU
		{2183BD67-33A7-41F5-B47D-AE9818C7A429}.Release|Any CPU.Build.0 = Release|Any CPU
		{65202B33-40A9-4076-9B6A-A08A18944BD8}.Debug|Any CPU.ActiveCfg = Debug|Any CPU
		{65202B33-40A9-4076-9B6A-A08A18944BD8}.Debug|Any CPU.Build.0 = Debug|Any CPU
		{65202B33-40A9-4076-9B6A-A08A18944BD8}.Release|Any CPU.ActiveCfg = Release|Any CPU
		{65202B33-40A9-4076-9B6A-A08A18944BD8}.Release|Any CPU.Build.0 = Release|Any CPU
		{65FD2273-D34B-4D0E-A4E4-30FC48121A3A}.Debug|Any CPU.ActiveCfg = Debug|Any CPU
		{65FD2273-D34B-4D0E-A4E4-30FC48121A3A}.Debug|Any CPU.Build.0 = Debug|Any CPU
		{65FD2273-D34B-4D0E-A4E4-30FC48121A3A}.Release|Any CPU.ActiveCfg = Release|Any CPU
		{65FD2273-D34B-4D0E-A4E4-30FC48121A3A}.Release|Any CPU.Build.0 = Release|Any CPU
		{D7A04A16-3751-4E3A-8C82-ECB19EB9258F}.Debug|Any CPU.ActiveCfg = Debug|Any CPU
		{D7A04A16-3751-4E3A-8C82-ECB19EB9258F}.Debug|Any CPU.Build.0 = Debug|Any CPU
		{D7A04A16-3751-4E3A-8C82-ECB19EB9258F}.Release|Any CPU.ActiveCfg = Release|Any CPU
		{D7A04A16-3751-4E3A-8C82-ECB19EB9258F}.Release|Any CPU.Build.0 = Release|Any CPU
		{BA2E2F3B-9ED6-4BA6-A3EA-705CE5709443}.Debug|Any CPU.ActiveCfg = Debug|Any CPU
		{BA2E2F3B-9ED6-4BA6-A3EA-705CE5709443}.Debug|Any CPU.Build.0 = Debug|Any CPU
		{BA2E2F3B-9ED6-4BA6-A3EA-705CE5709443}.Release|Any CPU.ActiveCfg = Release|Any CPU
		{BA2E2F3B-9ED6-4BA6-A3EA-705CE5709443}.Release|Any CPU.Build.0 = Release|Any CPU
		{55E94C41-8C25-4D67-958E-40E02A9657FB}.Debug|Any CPU.ActiveCfg = Debug|Any CPU
		{55E94C41-8C25-4D67-958E-40E02A9657FB}.Debug|Any CPU.Build.0 = Debug|Any CPU
		{55E94C41-8C25-4D67-958E-40E02A9657FB}.Release|Any CPU.ActiveCfg = Release|Any CPU
		{55E94C41-8C25-4D67-958E-40E02A9657FB}.Release|Any CPU.Build.0 = Release|Any CPU
		{12777825-BBEF-4E2B-AB20-48C3A379EBF5}.Debug|Any CPU.ActiveCfg = Debug|Any CPU
		{12777825-BBEF-4E2B-AB20-48C3A379EBF5}.Debug|Any CPU.Build.0 = Debug|Any CPU
		{12777825-BBEF-4E2B-AB20-48C3A379EBF5}.Release|Any CPU.ActiveCfg = Release|Any CPU
		{12777825-BBEF-4E2B-AB20-48C3A379EBF5}.Release|Any CPU.Build.0 = Release|Any CPU
		{3FCA1ACA-C596-4991-8F2F-587ED965ACF6}.Debug|Any CPU.ActiveCfg = Debug|Any CPU
		{3FCA1ACA-C596-4991-8F2F-587ED965ACF6}.Debug|Any CPU.Build.0 = Debug|Any CPU
		{3FCA1ACA-C596-4991-8F2F-587ED965ACF6}.Release|Any CPU.ActiveCfg = Release|Any CPU
		{3FCA1ACA-C596-4991-8F2F-587ED965ACF6}.Release|Any CPU.Build.0 = Release|Any CPU
	EndGlobalSection
	GlobalSection(SolutionProperties) = preSolution
		HideSolutionNode = FALSE
	EndGlobalSection
	GlobalSection(ExtensibilityGlobals) = postSolution
		SolutionGuid = {5BD23CFC-287B-4A76-A962-E2C7CB94EE7F}
	EndGlobalSection
EndGlobal
